PODS:
  - Alamofire (4.9.1)
  - Alamofire-SwiftyJSON (3.0.0):
    - Alamofire (~> 4.5)
    - SwiftyJSON (~> 4.0.0)
  - IQKeyboardManagerSwift (6.5.2)
  - SDWebImage (4.4.7):
    - SDWebImage/Core (= 4.4.7)
  - SDWebImage/Core (4.4.7)
  - SwiftyJSON (4.0.0)

DEPENDENCIES:
  - Alamofire-SwiftyJSON
  - IQKeyboardManagerSwift
  - SDWebImage (~> 4.0)

SPEC REPOS:
  trunk:
    - Alamofire
    - Alamofire-SwiftyJSON
    - IQKeyboardManagerSwift
    - SDWebImage
    - SwiftyJSON

SPEC CHECKSUMS:
  Alamofire: 85e8a02c69d6020a0d734f6054870d7ecb75cf18
  Alamofire-SwiftyJSON: 2b3649d57dc7bb2880fb8b86f8bb969397666916
  IQKeyboardManagerSwift: c75366f1f19590e8caeae45fcd5815c9289d6099
  SDWebImage: c10d14a8883ebd89664f02a422006f66a85c0c5d
  SwiftyJSON: 070dabdcb1beb81b247c65ffa3a79dbbfb3b48aa

PODFILE CHECKSUM: da526ea885b263920c2d6a0e116f938419751fe9

COCOAPODS: 1.8.4
